
Microsoft Visual Studio Solution File, Format Version 12.00
# Visual Studio Version 17
VisualStudioVersion = 17.4.33403.182
MinimumVisualStudioVersion = 10.0.40219.1
Project("{9A19103F-16F7-4668-BE54-9A1E7A4F7556}") = "apiplanoacao", "apiplanoacao.csproj", "{7538371B-3408-4A3A-B81D-FD9EEA9E1D31}"
EndProject
Global
	GlobalSection(SolutionConfigurationPlatforms) = preSolution
		Debug|Any CPU = Debug|Any CPU
		Release|Any CPU = Release|Any CPU
	EndGlobalSection
	GlobalSection(ProjectConfigurationPlatforms) = postSolution
		{7538371B-3408-4A3A-B81D-FD9EEA9E1D31}.Debug|Any CPU.ActiveCfg = Debug|Any CPU
		{7538371B-3408-4A3A-B81D-FD9EEA9E1D31}.Debug|Any CPU.Build.0 = Debug|Any CPU
		{7538371B-3408-4A3A-B81D-FD9EEA9E1D31}.Release|Any CPU.ActiveCfg = Release|Any CPU
		{7538371B-3408-4A3A-B81D-FD9EEA9E1D31}.Release|Any CPU.Build.0 = Release|Any CPU
	EndGlobalSection
	GlobalSection(SolutionProperties) = preSolution
		HideSolutionNode = FALSE
	EndGlobalSection
	GlobalSection(ExtensibilityGlobals) = postSolution
		SolutionGuid = {045EC232-D4E2-462E-ABDA-46DD426D9055}
	EndGlobalSection
EndGlobal
